// !$*UTF8*$!
{
	archiveVersion = 1;
	classes = {
	};
	objectVersion = 46;
	objects = {

/* Begin PBXBuildFile section */
		3FD47B56199DE9A4008D5994 /* AppDelegate.swift in Sources */ = {isa = PBXBuildFile; fileRef = 3FD47B55199DE9A4008D5994 /* AppDelegate.swift */; };
		3FD47B58199DE9A4008D5994 /* ViewController.swift in Sources */ = {isa = PBXBuildFile; fileRef = 3FD47B57199DE9A4008D5994 /* ViewController.swift */; };
		3FD47B5B199DE9A4008D5994 /* Main.storyboard in Resources */ = {isa = PBXBuildFile; fileRef = 3FD47B59199DE9A4008D5994 /* Main.storyboard */; };
		3FD47B5D199DE9A4008D5994 /* Images.xcassets in Resources */ = {isa = PBXBuildFile; fileRef = 3FD47B5C199DE9A4008D5994 /* Images.xcassets */; };
		3FD47B69199DE9A4008D5994 /* _5011212127Tests.swift in Sources */ = {isa = PBXBuildFile; fileRef = 3FD47B68199DE9A4008D5994 /* _5011212127Tests.swift */; };
/* End PBXBuildFile section */

/* Begin PBXContainerItemProxy section */
		3FD47B63199DE9A4008D5994 /* PBXContainerItemProxy */ = {
			isa = PBXContainerItemProxy;
			containerPortal = 3FD47B48199DE9A4008D5994 /* Project object */;
			proxyType = 1;
			remoteGlobalIDString = 3FD47B4F199DE9A4008D5994;
			remoteInfo = 55011212127;
		};
/* End PBXContainerItemProxy section */

/* Begin PBXFileReference section */
		3FD47B50199DE9A4008D5994 /* 55011212127.app */ = {isa = PBXFileReference; explicitFileType = wrapper.application; includeInIndex = 0; path = 55011212127.app; sourceTree = BUILT_PRODUCTS_DIR; };
		3FD47B54199DE9A4008D5994 /* Info.plist */ = {isa = PBXFileReference; lastKnownFileType = text.plist.xml; path = Info.plist; sourceTree = "<group>"; };
		3FD47B55199DE9A4008D5994 /* AppDelegate.swift */ = {isa = PBXFileReference; lastKnownFileType = sourcecode.swift; path = AppDelegate.swift; sourceTree = "<group>"; };
		3FD47B57199DE9A4008D5994 /* ViewController.swift */ = {isa = PBXFileReference; lastKnownFileType = sourcecode.swift; path = ViewController.swift; sourceTree = "<group>"; };
		3FD47B5A199DE9A4008D5994 /* Base */ = {isa = PBXFileReference; lastKnownFileType = file.storyboard; name = Base; path = Base.lproj/Main.storyboard; sourceTree = "<group>"; };
		3FD47B5C199DE9A4008D5994 /* Images.xcassets */ = {isa = PBXFileReference; lastKnownFileType = folder.assetcatalog; path = Images.xcassets; sourceTree = "<group>"; };
		3FD47B62199DE9A4008D5994 /* 55011212127Tests.xctest */ = {isa = PBXFileReference; explicitFileType = wrapper.cfbundle; includeInIndex = 0; path = 55011212127Tests.xctest; sourceTree = BUILT_PRODUCTS_DIR; };
		3FD47B67199DE9A4008D5994 /* Info.plist */ = {isa = PBXFileReference; lastKnownFileType = text.plist.xml; path = Info.plist; sourceTree = "<group>"; };
		3FD47B68199DE9A4008D5994 /* _5011212127Tests.swift */ = {isa = PBXFileReference; lastKnownFileType = sourcecode.swift; path = _5011212127Tests.swift; sourceTree = "<group>"; };
/* End PBXFileReference section */

/* Begin PBXFrameworksBuildPhase section */
		3FD47B4D199DE9A4008D5994 /* Frameworks */ = {
			isa = PBXFrameworksBuildPhase;
			buildActionMask = 2147483647;
			files = (
			);
			runOnlyForDeploymentPostprocessing = 0;
		};
		3FD47B5F199DE9A4008D5994 /* Frameworks */ = {
			isa = PBXFrameworksBuildPhase;
			buildActionMask = 2147483647;
			files = (
			);
			runOnlyForDeploymentPostprocessing = 0;
		};
/* End PBXFrameworksBuildPhase section */

/* Begin PBXGroup section */
		3FD47B47199DE9A4008D5994 = {
			isa = PBXGroup;
			children = (
				3FD47B52199DE9A4008D5994 /* 55011212127 */,
				3FD47B65199DE9A4008D5994 /* 55011212127Tests */,
				3FD47B51199DE9A4008D5994 /* Products */,
			);
			sourceTree = "<group>";
		};
		3FD47B51199DE9A4008D5994 /* Products */ = {
			isa = PBXGroup;
			children = (
				3FD47B50199DE9A4008D5994 /* 55011212127.app */,
				3FD47B62199DE9A4008D5994 /* 55011212127Tests.xctest */,
			);
			name = Products;
			sourceTree = "<group>";
		};
		3FD47B52199DE9A4008D5994 /* 55011212127 */ = {
			isa = PBXGroup;
			children = (
				3FD47B55199DE9A4008D5994 /* AppDelegate.swift */,
				3FD47B57199DE9A4008D5994 /* ViewController.swift */,
				3FD47B59199DE9A4008D5994 /* Main.storyboard */,
				3FD47B5C199DE9A4008D5994 /* Images.xcassets */,
				3FD47B53199DE9A4008D5994 /* Supporting Files */,
			);
			path = 55011212127;
			sourceTree = "<group>";
		};
		3FD47B53199DE9A4008D5994 /* Supporting Files */ = {
			isa = PBXGroup;
			children = (
				3FD47B54199DE9A4008D5994 /* Info.plist */,
			);
			name = "Supporting Files";
			sourceTree = "<group>";
		};
		3FD47B65199DE9A4008D5994 /* 55011212127Tests */ = {
			isa = PBXGroup;
			children = (
				3FD47B68199DE9A4008D5994 /* _5011212127Tests.swift */,
				3FD47B66199DE9A4008D5994 /* Supporting Files */,
			);
			path = 55011212127Tests;
			sourceTree = "<group>";
		};
		3FD47B66199DE9A4008D5994 /* Supporting Files */ = {
			isa = PBXGroup;
			children = (
				3FD47B67199DE9A4008D5994 /* Info.plist */,
			);
			name = "Supporting Files";
			sourceTree = "<group>";
		};
/* End PBXGroup section */

/* Begin PBXNativeTarget section */
		3FD47B4F199DE9A4008D5994 /* 55011212127 */ = {
			isa = PBXNativeTarget;
			buildConfigurationList = 3FD47B6C199DE9A4008D5994 /* Build configuration list for PBXNativeTarget "55011212127" */;
			buildPhases = (
				3FD47B4C199DE9A4008D5994 /* Sources */,
				3FD47B4D199DE9A4008D5994 /* Frameworks */,
				3FD47B4E199DE9A4008D5994 /* Resources */,
			);
			buildRules = (
			);
			dependencies = (
			);
			name = 55011212127;
			productName = 55011212127;
			productReference = 3FD47B50199DE9A4008D5994 /* 55011212127.app */;
			productType = "com.apple.product-type.application";
		};
		3FD47B61199DE9A4008D5994 /* 55011212127Tests */ = {
			isa = PBXNativeTarget;
			buildConfigurationList = 3FD47B6F199DE9A4008D5994 /* Build configuration list for PBXNativeTarget "55011212127Tests" */;
			buildPhases = (
				3FD47B5E199DE9A4008D5994 /* Sources */,
				3FD47B5F199DE9A4008D5994 /* Frameworks */,
				3FD47B60199DE9A4008D5994 /* Resources */,
			);
			buildRules = (
			);
			dependencies = (
				3FD47B64199DE9A4008D5994 /* PBXTargetDependency */,
			);
			name = 55011212127Tests;
			productName = 55011212127Tests;
			productReference = 3FD47B62199DE9A4008D5994 /* 55011212127Tests.xctest */;
			productType = "com.apple.product-type.bundle.unit-test";
		};
/* End PBXNativeTarget section */

/* Begin PBXProject section */
		3FD47B48199DE9A4008D5994 /* Project object */ = {
			isa = PBXProject;
			attributes = {
				LastUpgradeCheck = 0600;
				ORGANIZATIONNAME = Student;
				TargetAttributes = {
					3FD47B4F199DE9A4008D5994 = {
						CreatedOnToolsVersion = 6.0;
					};
					3FD47B61199DE9A4008D5994 = {
						CreatedOnToolsVersion = 6.0;
						TestTargetID = 3FD47B4F199DE9A4008D5994;
					};
				};
			};
			buildConfigurationList = 3FD47B4B199DE9A4008D5994 /* Build configuration list for PBXProject "55011212127" */;
			compatibilityVersion = "Xcode 3.2";
			developmentRegion = English;
			hasScannedForEncodings = 0;
			knownRegions = (
				en,
				Base,
			);
			mainGroup = 3FD47B47199DE9A4008D5994;
			productRefGroup = 3FD47B51199DE9A4008D5994 /* Products */;
			projectDirPath = "";
			projectRoot = "";
			targets = (
				3FD47B4F199DE9A4008D5994 /* 55011212127 */,
				3FD47B61199DE9A4008D5994 /* 55011212127Tests */,
			);
		};
/* End PBXProject section */

/* Begin PBXResourcesBuildPhase section */
		3FD47B4E199DE9A4008D5994 /* Resources */ = {
			isa = PBXResourcesBuildPhase;
			buildActionMask = 2147483647;
			files = (
				3FD47B5B199DE9A4008D5994 /* Main.storyboard in Resources */,
				3FD47B5D199DE9A4008D5994 /* Images.xcassets in Resources */,
			);
			runOnlyForDeploymentPostprocessing = 0;
		};
		3FD47B60199DE9A4008D5994 /* Resources */ = {
			isa = PBXResourcesBuildPhase;
			buildActionMask = 2147483647;
			files = (
			);
			runOnlyForDeploymentPostprocessing = 0;
		};
/* End PBXResourcesBuildPhase section */

/* Begin PBXSourcesBuildPhase section */
		3FD47B4C199DE9A4008D5994 /* Sources */ = {
			isa = PBXSourcesBuildPhase;
			buildActionMask = 2147483647;
			files = (
				3FD47B58199DE9A4008D5994 /* ViewController.swift in Sources */,
				3FD47B56199DE9A4008D5994 /* AppDelegate.swift in Sources */,
			);
			runOnlyForDeploymentPostprocessing = 0;
		};
		3FD47B5E199DE9A4008D5994 /* Sources */ = {
			isa = PBXSourcesBuildPhase;
			buildActionMask = 2147483647;
			files = (
				3FD47B69199DE9A4008D5994 /* _5011212127Tests.swift in Sources */,
			);
			runOnlyForDeploymentPostprocessing = 0;
		};
/* End PBXSourcesBuildPhase section */

/* Begin PBXTargetDependency section */
		3FD47B64199DE9A4008D5994 /* PBXTargetDependency */ = {
			isa = PBXTargetDependency;
			target = 3FD47B4F199DE9A4008D5994 /* 55011212127 */;
			targetProxy = 3FD47B63199DE9A4008D5994 /* PBXContainerItemProxy */;
		};
/* End PBXTargetDependency section */

/* Begin PBXVariantGroup section */
		3FD47B59199DE9A4008D5994 /* Main.storyboard */ = {
			isa = PBXVariantGroup;
			children = (
				3FD47B5A199DE9A4008D5994 /* Base */,
			);
			name = Main.storyboard;
			sourceTree = "<group>";
		};
/* End PBXVariantGroup section */

/* Begin XCBuildConfiguration section */
		3FD47B6A199DE9A4008D5994 /* Debug */ = {
			isa = XCBuildConfiguration;
			buildSettings = {
				ALWAYS_SEARCH_USER_PATHS = NO;
				CLANG_CXX_LANGUAGE_STANDARD = "gnu++0x";
				CLANG_CXX_LIBRARY = "libc++";
				CLANG_ENABLE_MODULES = YES;
				CLANG_ENABLE_OBJC_ARC = YES;
				CLANG_WARN_BOOL_CONVERSION = YES;
				CLANG_WARN_CONSTANT_CONVERSION = YES;
				CLANG_WARN_DIRECT_OBJC_ISA_USAGE = YES_ERROR;
				CLANG_WARN_EMPTY_BODY = YES;
				CLANG_WARN_ENUM_CONVERSION = YES;
				CLANG_WARN_INT_CONVERSION = YES;
				CLANG_WARN_OBJC_ROOT_CLASS = YES_ERROR;
				CLANG_WARN_UNREACHABLE_CODE = YES;
				CLANG_WARN__DUPLICATE_METHOD_MATCH = YES;
				"CODE_SIGN_IDENTITY[sdk=iphoneos*]" = "iPhone Developer";
				COPY_PHASE_STRIP = NO;
				ENABLE_STRICT_OBJC_MSGSEND = YES;
				GCC_C_LANGUAGE_STANDARD = gnu99;
				GCC_DYNAMIC_NO_PIC = NO;
				GCC_OPTIMIZATION_LEVEL = 0;
				GCC_PREPROCESSOR_DEFINITIONS = (
					"DEBUG=1",
					"$(inherited)",
				);
				GCC_SYMBOLS_PRIVATE_EXTERN = NO;
				GCC_WARN_64_TO_32_BIT_CONVERSION = YES;
				GCC_WARN_ABOUT_RETURN_TYPE = YES_ERROR;
				GCC_WARN_UNDECLARED_SELECTOR = YES;
				GCC_WARN_UNINITIALIZED_AUTOS = YES_AGGRESSIVE;
				GCC_WARN_UNUSED_FUNCTION = YES;
				GCC_WARN_UNUSED_VARIABLE = YES;
				IPHONEOS_DEPLOYMENT_TARGET = 8.0;
				MTL_ENABLE_DEBUG_INFO = YES;
				ONLY_ACTIVE_ARCH = YES;
				SDKROOT = iphoneos;
				SWIFT_OPTIMIZATION_LEVEL = "-Onone";
			};
			name = Debug;
		};
		3FD47B6B199DE9A4008D5994 /* Release */ = {
			isa = XCBuildConfiguration;
			buildSettings = {
				ALWAYS_SEARCH_USER_PATHS = NO;
				CLANG_CXX_LANGUAGE_STANDARD = "gnu++0x";
				CLANG_CXX_LIBRARY = "libc++";
				CLANG_ENABLE_MODULES = YES;
				CLANG_ENABLE_OBJC_ARC = YES;
				CLANG_WARN_BOOL_CONVERSION = YES;
				CLANG_WARN_CONSTANT_CONVERSION = YES;
				CLANG_WARN_DIRECT_OBJC_ISA_USAGE = YES_ERROR;
				CLANG_WARN_EMPTY_BODY = YES;
				CLANG_WARN_ENUM_CONVERSION = YES;
				CLANG_WARN_INT_CONVERSION = YES;
				CLANG_WARN_OBJC_ROOT_CLASS = YES_ERROR;
				CLANG_WARN_UNREACHABLE_CODE = YES;
				CLANG_WARN__DUPLICATE_METHOD_MATCH = YES;
				"CODE_SIGN_IDENTITY[sdk=iphoneos*]" = "iPhone Developer";
				COPY_PHASE_STRIP = YES;
				ENABLE_NS_ASSERTIONS = NO;
				ENABLE_STRICT_OBJC_MSGSEND = YES;
				GCC_C_LANGUAGE_STANDARD = gnu99;
				GCC_WARN_64_TO_32_BIT_CONVERSION = YES;
				GCC_WARN_ABOUT_RETURN_TYPE = YES_ERROR;
				GCC_WARN_UNDECLARED_SELECTOR = YES;
				GCC_WARN_UNINITIALIZED_AUTOS = YES_AGGRESSIVE;
				GCC_WARN_UNUSED_FUNCTION = YES;
				GCC_WARN_UNUSED_VARIABLE = YES;
				IPHONEOS_DEPLOYMENT_TARGET = 8.0;
				MTL_ENABLE_DEBUG_INFO = NO;
				SDKROOT = iphoneos;
				VALIDATE_PRODUCT = YES;
			};
			name = Release;
		};
		3FD47B6D199DE9A4008D5994 /* Debug */ = {
			isa = XCBuildConfiguration;
			buildSettings = {
				ASSETCATALOG_COMPILER_APPICON_NAME = AppIcon;
				ASSETCATALOG_COMPILER_LAUNCHIMAGE_NAME = LaunchImage;
				INFOPLIST_FILE = 55011212127/Info.plist;
				LD_RUNPATH_SEARCH_PATHS = "$(inherited) @executable_path/Frameworks";
				PRODUCT_NAME = "$(TARGET_NAME)";
			};
			name = Debug;
		};
		3FD47B6E199DE9A4008D5994 /* Release */ = {
			isa = XCBuildConfiguration;
			buildSettings = {
				ASSETCATALOG_COMPILER_APPICON_NAME = AppIcon;
				ASSETCATALOG_COMPILER_LAUNCHIMAGE_NAME = LaunchImage;
				INFOPLIST_FILE = 55011212127/Info.plist;
				LD_RUNPATH_SEARCH_PATHS = "$(inherited) @executable_path/Frameworks";
				PRODUCT_NAME = "$(TARGET_NAME)";
			};
			name = Release;
		};
		3FD47B70199DE9A4008D5994 /* Debug */ = {
			isa = XCBuildConfiguration;
			buildSettings = {
				BUNDLE_LOADER = "$(BUILT_PRODUCTS_DIR)/55011212127.app/55011212127";
				FRAMEWORK_SEARCH_PATHS = (
					"$(SDKROOT)/Developer/Library/Frameworks",
					"$(inherited)",
				);
				GCC_PREPROCESSOR_DEFINITIONS = (
					"DEBUG=1",
					"$(inherited)",
				);
				INFOPLIST_FILE = 55011212127Tests/Info.plist;
				LD_RUNPATH_SEARCH_PATHS = "$(inherited) @executable_path/Frameworks @loader_path/Frameworks";
				PRODUCT_NAME = "$(TARGET_NAME)";
				TEST_HOST = "$(BUNDLE_LOADER)";
			};
			name = Debug;
		};
		3FD47B71199DE9A4008D5994 /* Release */ = {
			isa = XCBuildConfiguration;
			buildSettings = {
				BUNDLE_LOADER = "$(BUILT_PRODUCTS_DIR)/55011212127.app/55011212127";
				FRAMEWORK_SEARCH_PATHS = (
					"$(SDKROOT)/Developer/Library/Frameworks",
					"$(inherited)",
				);
				INFOPLIST_FILE = 55011212127Tests/Info.plist;
				LD_RUNPATH_SEARCH_PATHS = "$(inherited) @executable_path/Frameworks @loader_path/Frameworks";
				PRODUCT_NAME = "$(TARGET_NAME)";
				TEST_HOST = "$(BUNDLE_LOADER)";
			};
			name = Release;
		};
/* End XCBuildConfiguration section */

/* Begin XCConfigurationList section */
		3FD47B4B199DE9A4008D5994 /* Build configuration list for PBXProject "55011212127" */ = {
			isa = XCConfigurationList;
			buildConfigurations = (
				3FD47B6A199DE9A4008D5994 /* Debug */,
				3FD47B6B199DE9A4008D5994 /* Release */,
			);
			defaultConfigurationIsVisible = 0;
			defaultConfigurationName = Release;
		};
		3FD47B6C199DE9A4008D5994 /* Build configuration list for PBXNativeTarget "55011212127" */ = {
			isa = XCConfigurationList;
			buildConfigurations = (
				3FD47B6D199DE9A4008D5994 /* Debug */,
				3FD47B6E199DE9A4008D5994 /* Release */,
			);
			defaultConfigurationIsVisible = 0;
		};
		3FD47B6F199DE9A4008D5994 /* Build configuration list for PBXNativeTarget "55011212127Tests" */ = {
			isa = XCConfigurationList;
			buildConfigurations = (
				3FD47B70199DE9A4008D5994 /* Debug */,
				3FD47B71199DE9A4008D5994 /* Release */,
			);
			defaultConfigurationIsVisible = 0;
		};
/* End XCConfigurationList section */
	};
	rootObject = 3FD47B48199DE9A4008D5994 /* Project object */;
}
