// !$*UTF8*$!
{
	archiveVersion = 1;
	classes = {
	};
	objectVersion = 46;
	objects = {

/* Begin PBXBuildFile section */
		3F36391C1A0C9C130024B959 /* AppDelegate.swift in Sources */ = {isa = PBXBuildFile; fileRef = 3F36391B1A0C9C130024B959 /* AppDelegate.swift */; };
		3F36391F1A0C9C130024B959 /* animation.xcdatamodeld in Sources */ = {isa = PBXBuildFile; fileRef = 3F36391D1A0C9C130024B959 /* animation.xcdatamodeld */; };
		3F3639211A0C9C130024B959 /* ViewController.swift in Sources */ = {isa = PBXBuildFile; fileRef = 3F3639201A0C9C130024B959 /* ViewController.swift */; };
		3F3639241A0C9C130024B959 /* Main.storyboard in Resources */ = {isa = PBXBuildFile; fileRef = 3F3639221A0C9C130024B959 /* Main.storyboard */; };
		3F3639261A0C9C130024B959 /* Images.xcassets in Resources */ = {isa = PBXBuildFile; fileRef = 3F3639251A0C9C130024B959 /* Images.xcassets */; };
		3F3639291A0C9C130024B959 /* LaunchScreen.xib in Resources */ = {isa = PBXBuildFile; fileRef = 3F3639271A0C9C130024B959 /* LaunchScreen.xib */; };
		3F3639351A0C9C130024B959 /* animationTests.swift in Sources */ = {isa = PBXBuildFile; fileRef = 3F3639341A0C9C130024B959 /* animationTests.swift */; };
/* End PBXBuildFile section */

/* Begin PBXContainerItemProxy section */
		3F36392F1A0C9C130024B959 /* PBXContainerItemProxy */ = {
			isa = PBXContainerItemProxy;
			containerPortal = 3F36390E1A0C9C130024B959 /* Project object */;
			proxyType = 1;
			remoteGlobalIDString = 3F3639151A0C9C130024B959;
			remoteInfo = animation;
		};
/* End PBXContainerItemProxy section */

/* Begin PBXFileReference section */
		3F3639161A0C9C130024B959 /* animation.app */ = {isa = PBXFileReference; explicitFileType = wrapper.application; includeInIndex = 0; path = animation.app; sourceTree = BUILT_PRODUCTS_DIR; };
		3F36391A1A0C9C130024B959 /* Info.plist */ = {isa = PBXFileReference; lastKnownFileType = text.plist.xml; path = Info.plist; sourceTree = "<group>"; };
		3F36391B1A0C9C130024B959 /* AppDelegate.swift */ = {isa = PBXFileReference; lastKnownFileType = sourcecode.swift; path = AppDelegate.swift; sourceTree = "<group>"; };
		3F36391E1A0C9C130024B959 /* animation.xcdatamodel */ = {isa = PBXFileReference; lastKnownFileType = wrapper.xcdatamodel; path = animation.xcdatamodel; sourceTree = "<group>"; };
		3F3639201A0C9C130024B959 /* ViewController.swift */ = {isa = PBXFileReference; lastKnownFileType = sourcecode.swift; path = ViewController.swift; sourceTree = "<group>"; };
		3F3639231A0C9C130024B959 /* Base */ = {isa = PBXFileReference; lastKnownFileType = file.storyboard; name = Base; path = Base.lproj/Main.storyboard; sourceTree = "<group>"; };
		3F3639251A0C9C130024B959 /* Images.xcassets */ = {isa = PBXFileReference; lastKnownFileType = folder.assetcatalog; path = Images.xcassets; sourceTree = "<group>"; };
		3F3639281A0C9C130024B959 /* Base */ = {isa = PBXFileReference; lastKnownFileType = file.xib; name = Base; path = Base.lproj/LaunchScreen.xib; sourceTree = "<group>"; };
		3F36392E1A0C9C130024B959 /* animationTests.xctest */ = {isa = PBXFileReference; explicitFileType = wrapper.cfbundle; includeInIndex = 0; path = animationTests.xctest; sourceTree = BUILT_PRODUCTS_DIR; };
		3F3639331A0C9C130024B959 /* Info.plist */ = {isa = PBXFileReference; lastKnownFileType = text.plist.xml; path = Info.plist; sourceTree = "<group>"; };
		3F3639341A0C9C130024B959 /* animationTests.swift */ = {isa = PBXFileReference; lastKnownFileType = sourcecode.swift; path = animationTests.swift; sourceTree = "<group>"; };
/* End PBXFileReference section */

/* Begin PBXFrameworksBuildPhase section */
		3F3639131A0C9C130024B959 /* Frameworks */ = {
			isa = PBXFrameworksBuildPhase;
			buildActionMask = 2147483647;
			files = (
			);
			runOnlyForDeploymentPostprocessing = 0;
		};
		3F36392B1A0C9C130024B959 /* Frameworks */ = {
			isa = PBXFrameworksBuildPhase;
			buildActionMask = 2147483647;
			files = (
			);
			runOnlyForDeploymentPostprocessing = 0;
		};
/* End PBXFrameworksBuildPhase section */

/* Begin PBXGroup section */
		3F36390D1A0C9C130024B959 = {
			isa = PBXGroup;
			children = (
				3F3639181A0C9C130024B959 /* animation */,
				3F3639311A0C9C130024B959 /* animationTests */,
				3F3639171A0C9C130024B959 /* Products */,
			);
			sourceTree = "<group>";
		};
		3F3639171A0C9C130024B959 /* Products */ = {
			isa = PBXGroup;
			children = (
				3F3639161A0C9C130024B959 /* animation.app */,
				3F36392E1A0C9C130024B959 /* animationTests.xctest */,
			);
			name = Products;
			sourceTree = "<group>";
		};
		3F3639181A0C9C130024B959 /* animation */ = {
			isa = PBXGroup;
			children = (
				3F36391B1A0C9C130024B959 /* AppDelegate.swift */,
				3F3639201A0C9C130024B959 /* ViewController.swift */,
				3F3639221A0C9C130024B959 /* Main.storyboard */,
				3F3639251A0C9C130024B959 /* Images.xcassets */,
				3F3639271A0C9C130024B959 /* LaunchScreen.xib */,
				3F36391D1A0C9C130024B959 /* animation.xcdatamodeld */,
				3F3639191A0C9C130024B959 /* Supporting Files */,
			);
			path = animation;
			sourceTree = "<group>";
		};
		3F3639191A0C9C130024B959 /* Supporting Files */ = {
			isa = PBXGroup;
			children = (
				3F36391A1A0C9C130024B959 /* Info.plist */,
			);
			name = "Supporting Files";
			sourceTree = "<group>";
		};
		3F3639311A0C9C130024B959 /* animationTests */ = {
			isa = PBXGroup;
			children = (
				3F3639341A0C9C130024B959 /* animationTests.swift */,
				3F3639321A0C9C130024B959 /* Supporting Files */,
			);
			path = animationTests;
			sourceTree = "<group>";
		};
		3F3639321A0C9C130024B959 /* Supporting Files */ = {
			isa = PBXGroup;
			children = (
				3F3639331A0C9C130024B959 /* Info.plist */,
			);
			name = "Supporting Files";
			sourceTree = "<group>";
		};
/* End PBXGroup section */

/* Begin PBXNativeTarget section */
		3F3639151A0C9C130024B959 /* animation */ = {
			isa = PBXNativeTarget;
			buildConfigurationList = 3F3639381A0C9C130024B959 /* Build configuration list for PBXNativeTarget "animation" */;
			buildPhases = (
				3F3639121A0C9C130024B959 /* Sources */,
				3F3639131A0C9C130024B959 /* Frameworks */,
				3F3639141A0C9C130024B959 /* Resources */,
			);
			buildRules = (
			);
			dependencies = (
			);
			name = animation;
			productName = animation;
			productReference = 3F3639161A0C9C130024B959 /* animation.app */;
			productType = "com.apple.product-type.application";
		};
		3F36392D1A0C9C130024B959 /* animationTests */ = {
			isa = PBXNativeTarget;
			buildConfigurationList = 3F36393B1A0C9C130024B959 /* Build configuration list for PBXNativeTarget "animationTests" */;
			buildPhases = (
				3F36392A1A0C9C130024B959 /* Sources */,
				3F36392B1A0C9C130024B959 /* Frameworks */,
				3F36392C1A0C9C130024B959 /* Resources */,
			);
			buildRules = (
			);
			dependencies = (
				3F3639301A0C9C130024B959 /* PBXTargetDependency */,
			);
			name = animationTests;
			productName = animationTests;
			productReference = 3F36392E1A0C9C130024B959 /* animationTests.xctest */;
			productType = "com.apple.product-type.bundle.unit-test";
		};
/* End PBXNativeTarget section */

/* Begin PBXProject section */
		3F36390E1A0C9C130024B959 /* Project object */ = {
			isa = PBXProject;
			attributes = {
				LastUpgradeCheck = 0600;
				ORGANIZATIONNAME = student;
				TargetAttributes = {
					3F3639151A0C9C130024B959 = {
						CreatedOnToolsVersion = 6.0;
					};
					3F36392D1A0C9C130024B959 = {
						CreatedOnToolsVersion = 6.0;
						TestTargetID = 3F3639151A0C9C130024B959;
					};
				};
			};
			buildConfigurationList = 3F3639111A0C9C130024B959 /* Build configuration list for PBXProject "animation" */;
			compatibilityVersion = "Xcode 3.2";
			developmentRegion = English;
			hasScannedForEncodings = 0;
			knownRegions = (
				en,
				Base,
			);
			mainGroup = 3F36390D1A0C9C130024B959;
			productRefGroup = 3F3639171A0C9C130024B959 /* Products */;
			projectDirPath = "";
			projectRoot = "";
			targets = (
				3F3639151A0C9C130024B959 /* animation */,
				3F36392D1A0C9C130024B959 /* animationTests */,
			);
		};
/* End PBXProject section */

/* Begin PBXResourcesBuildPhase section */
		3F3639141A0C9C130024B959 /* Resources */ = {
			isa = PBXResourcesBuildPhase;
			buildActionMask = 2147483647;
			files = (
				3F3639241A0C9C130024B959 /* Main.storyboard in Resources */,
				3F3639291A0C9C130024B959 /* LaunchScreen.xib in Resources */,
				3F3639261A0C9C130024B959 /* Images.xcassets in Resources */,
			);
			runOnlyForDeploymentPostprocessing = 0;
		};
		3F36392C1A0C9C130024B959 /* Resources */ = {
			isa = PBXResourcesBuildPhase;
			buildActionMask = 2147483647;
			files = (
			);
			runOnlyForDeploymentPostprocessing = 0;
		};
/* End PBXResourcesBuildPhase section */

/* Begin PBXSourcesBuildPhase section */
		3F3639121A0C9C130024B959 /* Sources */ = {
			isa = PBXSourcesBuildPhase;
			buildActionMask = 2147483647;
			files = (
				3F3639211A0C9C130024B959 /* ViewController.swift in Sources */,
				3F36391F1A0C9C130024B959 /* animation.xcdatamodeld in Sources */,
				3F36391C1A0C9C130024B959 /* AppDelegate.swift in Sources */,
			);
			runOnlyForDeploymentPostprocessing = 0;
		};
		3F36392A1A0C9C130024B959 /* Sources */ = {
			isa = PBXSourcesBuildPhase;
			buildActionMask = 2147483647;
			files = (
				3F3639351A0C9C130024B959 /* animationTests.swift in Sources */,
			);
			runOnlyForDeploymentPostprocessing = 0;
		};
/* End PBXSourcesBuildPhase section */

/* Begin PBXTargetDependency section */
		3F3639301A0C9C130024B959 /* PBXTargetDependency */ = {
			isa = PBXTargetDependency;
			target = 3F3639151A0C9C130024B959 /* animation */;
			targetProxy = 3F36392F1A0C9C130024B959 /* PBXContainerItemProxy */;
		};
/* End PBXTargetDependency section */

/* Begin PBXVariantGroup section */
		3F3639221A0C9C130024B959 /* Main.storyboard */ = {
			isa = PBXVariantGroup;
			children = (
				3F3639231A0C9C130024B959 /* Base */,
			);
			name = Main.storyboard;
			sourceTree = "<group>";
		};
		3F3639271A0C9C130024B959 /* LaunchScreen.xib */ = {
			isa = PBXVariantGroup;
			children = (
				3F3639281A0C9C130024B959 /* Base */,
			);
			name = LaunchScreen.xib;
			sourceTree = "<group>";
		};
/* End PBXVariantGroup section */

/* Begin XCBuildConfiguration section */
		3F3639361A0C9C130024B959 /* Debug */ = {
			isa = XCBuildConfiguration;
			buildSettings = {
				ALWAYS_SEARCH_USER_PATHS = NO;
				CLANG_CXX_LANGUAGE_STANDARD = "gnu++0x";
				CLANG_CXX_LIBRARY = "libc++";
				CLANG_ENABLE_MODULES = YES;
				CLANG_ENABLE_OBJC_ARC = YES;
				CLANG_WARN_BOOL_CONVERSION = YES;
				CLANG_WARN_CONSTANT_CONVERSION = YES;
				CLANG_WARN_DIRECT_OBJC_ISA_USAGE = YES_ERROR;
				CLANG_WARN_EMPTY_BODY = YES;
				CLANG_WARN_ENUM_CONVERSION = YES;
				CLANG_WARN_INT_CONVERSION = YES;
				CLANG_WARN_OBJC_ROOT_CLASS = YES_ERROR;
				CLANG_WARN_UNREACHABLE_CODE = YES;
				CLANG_WARN__DUPLICATE_METHOD_MATCH = YES;
				"CODE_SIGN_IDENTITY[sdk=iphoneos*]" = "iPhone Developer";
				COPY_PHASE_STRIP = NO;
				ENABLE_STRICT_OBJC_MSGSEND = YES;
				GCC_C_LANGUAGE_STANDARD = gnu99;
				GCC_DYNAMIC_NO_PIC = NO;
				GCC_OPTIMIZATION_LEVEL = 0;
				GCC_PREPROCESSOR_DEFINITIONS = (
					"DEBUG=1",
					"$(inherited)",
				);
				GCC_SYMBOLS_PRIVATE_EXTERN = NO;
				GCC_WARN_64_TO_32_BIT_CONVERSION = YES;
				GCC_WARN_ABOUT_RETURN_TYPE = YES_ERROR;
				GCC_WARN_UNDECLARED_SELECTOR = YES;
				GCC_WARN_UNINITIALIZED_AUTOS = YES_AGGRESSIVE;
				GCC_WARN_UNUSED_FUNCTION = YES;
				GCC_WARN_UNUSED_VARIABLE = YES;
				IPHONEOS_DEPLOYMENT_TARGET = 8.0;
				MTL_ENABLE_DEBUG_INFO = YES;
				ONLY_ACTIVE_ARCH = YES;
				SDKROOT = iphoneos;
				SWIFT_OPTIMIZATION_LEVEL = "-Onone";
			};
			name = Debug;
		};
		3F3639371A0C9C130024B959 /* Release */ = {
			isa = XCBuildConfiguration;
			buildSettings = {
				ALWAYS_SEARCH_USER_PATHS = NO;
				CLANG_CXX_LANGUAGE_STANDARD = "gnu++0x";
				CLANG_CXX_LIBRARY = "libc++";
				CLANG_ENABLE_MODULES = YES;
				CLANG_ENABLE_OBJC_ARC = YES;
				CLANG_WARN_BOOL_CONVERSION = YES;
				CLANG_WARN_CONSTANT_CONVERSION = YES;
				CLANG_WARN_DIRECT_OBJC_ISA_USAGE = YES_ERROR;
				CLANG_WARN_EMPTY_BODY = YES;
				CLANG_WARN_ENUM_CONVERSION = YES;
				CLANG_WARN_INT_CONVERSION = YES;
				CLANG_WARN_OBJC_ROOT_CLASS = YES_ERROR;
				CLANG_WARN_UNREACHABLE_CODE = YES;
				CLANG_WARN__DUPLICATE_METHOD_MATCH = YES;
				"CODE_SIGN_IDENTITY[sdk=iphoneos*]" = "iPhone Developer";
				COPY_PHASE_STRIP = YES;
				ENABLE_NS_ASSERTIONS = NO;
				ENABLE_STRICT_OBJC_MSGSEND = YES;
				GCC_C_LANGUAGE_STANDARD = gnu99;
				GCC_WARN_64_TO_32_BIT_CONVERSION = YES;
				GCC_WARN_ABOUT_RETURN_TYPE = YES_ERROR;
				GCC_WARN_UNDECLARED_SELECTOR = YES;
				GCC_WARN_UNINITIALIZED_AUTOS = YES_AGGRESSIVE;
				GCC_WARN_UNUSED_FUNCTION = YES;
				GCC_WARN_UNUSED_VARIABLE = YES;
				IPHONEOS_DEPLOYMENT_TARGET = 8.0;
				MTL_ENABLE_DEBUG_INFO = NO;
				SDKROOT = iphoneos;
				VALIDATE_PRODUCT = YES;
			};
			name = Release;
		};
		3F3639391A0C9C130024B959 /* Debug */ = {
			isa = XCBuildConfiguration;
			buildSettings = {
				ASSETCATALOG_COMPILER_APPICON_NAME = AppIcon;
				INFOPLIST_FILE = animation/Info.plist;
				LD_RUNPATH_SEARCH_PATHS = "$(inherited) @executable_path/Frameworks";
				PRODUCT_NAME = "$(TARGET_NAME)";
			};
			name = Debug;
		};
		3F36393A1A0C9C130024B959 /* Release */ = {
			isa = XCBuildConfiguration;
			buildSettings = {
				ASSETCATALOG_COMPILER_APPICON_NAME = AppIcon;
				INFOPLIST_FILE = animation/Info.plist;
				LD_RUNPATH_SEARCH_PATHS = "$(inherited) @executable_path/Frameworks";
				PRODUCT_NAME = "$(TARGET_NAME)";
			};
			name = Release;
		};
		3F36393C1A0C9C130024B959 /* Debug */ = {
			isa = XCBuildConfiguration;
			buildSettings = {
				BUNDLE_LOADER = "$(TEST_HOST)";
				FRAMEWORK_SEARCH_PATHS = (
					"$(SDKROOT)/Developer/Library/Frameworks",
					"$(inherited)",
				);
				GCC_PREPROCESSOR_DEFINITIONS = (
					"DEBUG=1",
					"$(inherited)",
				);
				INFOPLIST_FILE = animationTests/Info.plist;
				LD_RUNPATH_SEARCH_PATHS = "$(inherited) @executable_path/Frameworks @loader_path/Frameworks";
				PRODUCT_NAME = "$(TARGET_NAME)";
				TEST_HOST = "$(BUILT_PRODUCTS_DIR)/animation.app/animation";
			};
			name = Debug;
		};
		3F36393D1A0C9C130024B959 /* Release */ = {
			isa = XCBuildConfiguration;
			buildSettings = {
				BUNDLE_LOADER = "$(TEST_HOST)";
				FRAMEWORK_SEARCH_PATHS = (
					"$(SDKROOT)/Developer/Library/Frameworks",
					"$(inherited)",
				);
				INFOPLIST_FILE = animationTests/Info.plist;
				LD_RUNPATH_SEARCH_PATHS = "$(inherited) @executable_path/Frameworks @loader_path/Frameworks";
				PRODUCT_NAME = "$(TARGET_NAME)";
				TEST_HOST = "$(BUILT_PRODUCTS_DIR)/animation.app/animation";
			};
			name = Release;
		};
/* End XCBuildConfiguration section */

/* Begin XCConfigurationList section */
		3F3639111A0C9C130024B959 /* Build configuration list for PBXProject "animation" */ = {
			isa = XCConfigurationList;
			buildConfigurations = (
				3F3639361A0C9C130024B959 /* Debug */,
				3F3639371A0C9C130024B959 /* Release */,
			);
			defaultConfigurationIsVisible = 0;
			defaultConfigurationName = Release;
		};
		3F3639381A0C9C130024B959 /* Build configuration list for PBXNativeTarget "animation" */ = {
			isa = XCConfigurationList;
			buildConfigurations = (
				3F3639391A0C9C130024B959 /* Debug */,
				3F36393A1A0C9C130024B959 /* Release */,
			);
			defaultConfigurationIsVisible = 0;
		};
		3F36393B1A0C9C130024B959 /* Build configuration list for PBXNativeTarget "animationTests" */ = {
			isa = XCConfigurationList;
			buildConfigurations = (
				3F36393C1A0C9C130024B959 /* Debug */,
				3F36393D1A0C9C130024B959 /* Release */,
			);
			defaultConfigurationIsVisible = 0;
		};
/* End XCConfigurationList section */

/* Begin XCVersionGroup section */
		3F36391D1A0C9C130024B959 /* animation.xcdatamodeld */ = {
			isa = XCVersionGroup;
			children = (
				3F36391E1A0C9C130024B959 /* animation.xcdatamodel */,
			);
			currentVersion = 3F36391E1A0C9C130024B959 /* animation.xcdatamodel */;
			path = animation.xcdatamodeld;
			sourceTree = "<group>";
			versionGroupType = wrapper.xcdatamodel;
		};
/* End XCVersionGroup section */
	};
	rootObject = 3F36390E1A0C9C130024B959 /* Project object */;
}
